# This file is automatically @generated by Cargo.
# It is not intended for manual editing.
version = 4

[[package]]
name = "tskr-cli"
version = "0.1.0"

[[package]]
name = "tskr-core"
version = "0.1.0"

[[package]]
name = "tskr-daemon"
version = "0.1.0"

[[package]]
name = "tskr-writer"
version = "0.1.0"
